
Microsoft Visual Studio Solution File, Format Version 12.00
# Visual Studio 15
VisualStudioVersion = 15.0.26228.9
MinimumVisualStudioVersion = 10.0.40219.1
Project("{FAE04EC0-301F-11D3-BF4B-00C04F79EFBC}") = "Marconi_Orario_Splitter", "Marconi_Orario_Splitter\Marconi_Orario_Splitter.csproj", "{2E5FC974-3AEA-4A09-B06C-A0400328177B}"
EndProject
Global
	GlobalSection(SolutionConfigurationPlatforms) = preSolution
		Debug|Any CPU = Debug|Any CPU
		Release|Any CPU = Release|Any CPU
	EndGlobalSection
	GlobalSection(ProjectConfigurationPlatforms) = postSolution
		{2E5FC974-3AEA-4A09-B06C-A0400328177B}.Debug|Any CPU.ActiveCfg = Debug|Any CPU
		{2E5FC974-3AEA-4A09-B06C-A0400328177B}.Debug|Any CPU.Build.0 = Debug|Any CPU
		{2E5FC974-3AEA-4A09-B06C-A0400328177B}.Release|Any CPU.ActiveCfg = Release|Any CPU
		{2E5FC974-3AEA-4A09-B06C-A0400328177B}.Release|Any CPU.Build.0 = Release|Any CPU
	EndGlobalSection
	GlobalSection(SolutionProperties) = preSolution
		HideSolutionNode = FALSE
	EndGlobalSection
EndGlobal
